
Microsoft Visual Studio Solution File, Format Version 12.00
# Visual Studio 15
Project("{FAE04EC0-301F-11D3-BF4B-00C04F79EFBC}") = "WebAdvert.Web", "WebAdvert.Web\WebAdvert.Web.csproj", "{360DCA13-5927-4D21-8467-24BC4093D853}"
EndProject
Global
	GlobalSection(SolutionConfigurationPlatforms) = preSolution
		Debug|Any CPU = Debug|Any CPU
		Release|Any CPU = Release|Any CPU
	EndGlobalSection
	GlobalSection(ProjectConfigurationPlatforms) = postSolution
		{360DCA13-5927-4D21-8467-24BC4093D853}.Debug|Any CPU.ActiveCfg = Debug|Any CPU
		{360DCA13-5927-4D21-8467-24BC4093D853}.Debug|Any CPU.Build.0 = Debug|Any CPU
		{360DCA13-5927-4D21-8467-24BC4093D853}.Release|Any CPU.ActiveCfg = Release|Any CPU
		{360DCA13-5927-4D21-8467-24BC4093D853}.Release|Any CPU.Build.0 = Release|Any CPU
	EndGlobalSection
EndGlobal
